
Microsoft Visual Studio Solution File, Format Version 12.00
# Visual Studio Version 17
VisualStudioVersion = 17.2.32526.322
MinimumVisualStudioVersion = 10.0.40219.1
Project("{FAE04EC0-301F-11D3-BF4B-00C04F79EFBC}") = "SchoolCrud", "SchoolCrud\SchoolCrud.csproj", "{710AF9F4-5BDC-42C9-89BB-43C3531FDDB4}"
EndProject
Project("{FAE04EC0-301F-11D3-BF4B-00C04F79EFBC}") = "School.Services", "School.Services\School.Services.csproj", "{21C305E8-3BC8-4B12-9CB4-1F0DF46F9891}"
EndProject
Global
	GlobalSection(SolutionConfigurationPlatforms) = preSolution
		Debug|Any CPU = Debug|Any CPU
		Release|Any CPU = Release|Any CPU
	EndGlobalSection
	GlobalSection(ProjectConfigurationPlatforms) = postSolution
		{710AF9F4-5BDC-42C9-89BB-43C3531FDDB4}.Debug|Any CPU.ActiveCfg = Debug|Any CPU
		{710AF9F4-5BDC-42C9-89BB-43C3531FDDB4}.Debug|Any CPU.Build.0 = Debug|Any CPU
		{710AF9F4-5BDC-42C9-89BB-43C3531FDDB4}.Release|Any CPU.ActiveCfg = Release|Any CPU
		{710AF9F4-5BDC-42C9-89BB-43C3531FDDB4}.Release|Any CPU.Build.0 = Release|Any CPU
		{21C305E8-3BC8-4B12-9CB4-1F0DF46F9891}.Debug|Any CPU.ActiveCfg = Debug|Any CPU
		{21C305E8-3BC8-4B12-9CB4-1F0DF46F9891}.Debug|Any CPU.Build.0 = Debug|Any CPU
		{21C305E8-3BC8-4B12-9CB4-1F0DF46F9891}.Release|Any CPU.ActiveCfg = Release|Any CPU
		{21C305E8-3BC8-4B12-9CB4-1F0DF46F9891}.Release|Any CPU.Build.0 = Release|Any CPU
	EndGlobalSection
	GlobalSection(SolutionProperties) = preSolution
		HideSolutionNode = FALSE
	EndGlobalSection
	GlobalSection(ExtensibilityGlobals) = postSolution
		SolutionGuid = {C890DF03-3563-41B9-B3B0-74C038110E54}
	EndGlobalSection
EndGlobal
